
Microsoft Visual Studio Solution File, Format Version 12.00
# Visual Studio 2012
Project("{FAE04EC0-301F-11D3-BF4B-00C04F79EFBC}") = "SqlScriptsDeployer.Core", "SqlScriptsDeployer.Core\SqlScriptsDeployer.Core.csproj", "{677354DF-273B-430C-9B9A-298756C746B5}"
EndProject
Project("{FAE04EC0-301F-11D3-BF4B-00C04F79EFBC}") = "SqlScriptsDeployer.ConsoleRunner", "SqlScriptsDeployer.ConsoleRunner\SqlScriptsDeployer.ConsoleRunner.csproj", "{809BEE5B-70C7-4373-893F-897EF1896CA5}"
EndProject
Global
	GlobalSection(SolutionConfigurationPlatforms) = preSolution
		Debug|Any CPU = Debug|Any CPU
		Release|Any CPU = Release|Any CPU
	EndGlobalSection
	GlobalSection(ProjectConfigurationPlatforms) = postSolution
		{677354DF-273B-430C-9B9A-298756C746B5}.Debug|Any CPU.ActiveCfg = Debug|Any CPU
		{677354DF-273B-430C-9B9A-298756C746B5}.Debug|Any CPU.Build.0 = Debug|Any CPU
		{677354DF-273B-430C-9B9A-298756C746B5}.Release|Any CPU.ActiveCfg = Release|Any CPU
		{677354DF-273B-430C-9B9A-298756C746B5}.Release|Any CPU.Build.0 = Release|Any CPU
		{809BEE5B-70C7-4373-893F-897EF1896CA5}.Debug|Any CPU.ActiveCfg = Debug|Any CPU
		{809BEE5B-70C7-4373-893F-897EF1896CA5}.Debug|Any CPU.Build.0 = Debug|Any CPU
		{809BEE5B-70C7-4373-893F-897EF1896CA5}.Release|Any CPU.ActiveCfg = Release|Any CPU
		{809BEE5B-70C7-4373-893F-897EF1896CA5}.Release|Any CPU.Build.0 = Release|Any CPU
	EndGlobalSection
	GlobalSection(SolutionProperties) = preSolution
		HideSolutionNode = FALSE
	EndGlobalSection
EndGlobal
